<?xml version="1.0" encoding="utf-8"?>
<Project ToolsVersion="4.0" xmlns="http://schemas.microsoft.com/developer/msbuild/2003">
  <ItemGroup>
    <ClCompile Include="..\code\common\win32\time.c" />
    <ClCompile Include="..\code\common\win32\dlfunc.c" />
    <ClCompile Include="..\code\common\win32\thread.c" />
    <ClCompile Include="..\code\common\common.c" />
    <ClCompile Include="..\code\common\rbtree.c" />
    <ClCompile Include="..\code\common\log.c" />
    <ClCompile Include="..\code\common\win32\process.c" />
    <ClCompile Include="..\code\common\timer.c" />
  </ItemGroup>
  <ItemGroup>
    <ClInclude Include="..\code\common\win32\win32.h" />
    <ClInclude Include="..\code\common\rbtree.h" />
    <ClInclude Include="..\code\common\log.h" />
    <ClInclude Include="..\code\common\align.h" />
    <ClInclude Include="..\code\common\assert.h" />
    <ClInclude Include="..\code\common\dlfunc.h" />
    <ClInclude Include="..\code\common\noreturn.h" />
    <ClInclude Include="..\code\common\socket.h" />
    <ClInclude Include="..\code\common\thread.h" />
    <ClInclude Include="..\code\common\time.h" />
    <ClInclude Include="..\code\common\array.h" />
    <ClInclude Include="..\code\common\uuid.h" />
    <ClInclude Include="..\code\common\list.h" />
    <ClInclude Include="..\code\common\endian.h" />
    <ClInclude Include="..\code\common\hash.h" />
    <ClInclude Include="..\code\common\macro.h" />
    <ClInclude Include="..\code\common\process.h" />
    <ClInclude Include="..\code\common\timer.h" />
  </ItemGroup>
</Project>