
Microsoft Visual Studio Solution File, Format Version 12.00
# Visual Studio 14
VisualStudioVersion = 14.0.25420.1
MinimumVisualStudioVersion = 10.0.40219.1
Project("{8BC9CEB8-8B4A-11D0-8D11-00A0C91BC942}") = "client", "client.vcxproj", "{108CF579-D038-40EC-9874-B914565CD43E}"
EndProject
Project("{8BC9CEB8-8B4A-11D0-8D11-00A0C91BC942}") = "mbedTLS", "..\mbedtls-2.4.0\visualc\VS2010\mbedTLS.vcxproj", "{46CF2D25-6A36-4189-B59C-E4815388E554}"
EndProject
Project("{8BC9CEB8-8B4A-11D0-8D11-00A0C91BC942}") = "common", "common.vcxproj", "{7E9E2CB3-BD8E-450C-BFE4-C9B537477CE1}"
EndProject
Global
	GlobalSection(SolutionConfigurationPlatforms) = preSolution
		Debug|x64 = Debug|x64
		Debug|x86 = Debug|x86
		Release|x64 = Release|x64
		Release|x86 = Release|x86
	EndGlobalSection
	GlobalSection(ProjectConfigurationPlatforms) = postSolution
		{108CF579-D038-40EC-9874-B914565CD43E}.Debug|x64.ActiveCfg = Debug|x64
		{108CF579-D038-40EC-9874-B914565CD43E}.Debug|x64.Build.0 = Debug|x64
		{108CF579-D038-40EC-9874-B914565CD43E}.Debug|x86.ActiveCfg = Debug|Win32
		{108CF579-D038-40EC-9874-B914565CD43E}.Debug|x86.Build.0 = Debug|Win32
		{108CF579-D038-40EC-9874-B914565CD43E}.Release|x64.ActiveCfg = Release|x64
		{108CF579-D038-40EC-9874-B914565CD43E}.Release|x64.Build.0 = Release|x64
		{108CF579-D038-40EC-9874-B914565CD43E}.Release|x86.ActiveCfg = Release|Win32
		{108CF579-D038-40EC-9874-B914565CD43E}.Release|x86.Build.0 = Release|Win32
		{46CF2D25-6A36-4189-B59C-E4815388E554}.Debug|x64.ActiveCfg = Debug|x64
		{46CF2D25-6A36-4189-B59C-E4815388E554}.Debug|x64.Build.0 = Debug|x64
		{46CF2D25-6A36-4189-B59C-E4815388E554}.Debug|x86.ActiveCfg = Debug|Win32
		{46CF2D25-6A36-4189-B59C-E4815388E554}.Debug|x86.Build.0 = Debug|Win32
		{46CF2D25-6A36-4189-B59C-E4815388E554}.Release|x64.ActiveCfg = Release|x64
		{46CF2D25-6A36-4189-B59C-E4815388E554}.Release|x64.Build.0 = Release|x64
		{46CF2D25-6A36-4189-B59C-E4815388E554}.Release|x86.ActiveCfg = Release|Win32
		{46CF2D25-6A36-4189-B59C-E4815388E554}.Release|x86.Build.0 = Release|Win32
		{7E9E2CB3-BD8E-450C-BFE4-C9B537477CE1}.Debug|x64.ActiveCfg = Debug|x64
		{7E9E2CB3-BD8E-450C-BFE4-C9B537477CE1}.Debug|x64.Build.0 = Debug|x64
		{7E9E2CB3-BD8E-450C-BFE4-C9B537477CE1}.Debug|x86.ActiveCfg = Debug|Win32
		{7E9E2CB3-BD8E-450C-BFE4-C9B537477CE1}.Debug|x86.Build.0 = Debug|Win32
		{7E9E2CB3-BD8E-450C-BFE4-C9B537477CE1}.Release|x64.ActiveCfg = Release|x64
		{7E9E2CB3-BD8E-450C-BFE4-C9B537477CE1}.Release|x64.Build.0 = Release|x64
		{7E9E2CB3-BD8E-450C-BFE4-C9B537477CE1}.Release|x86.ActiveCfg = Release|Win32
		{7E9E2CB3-BD8E-450C-BFE4-C9B537477CE1}.Release|x86.Build.0 = Release|Win32
	EndGlobalSection
	GlobalSection(SolutionProperties) = preSolution
		HideSolutionNode = FALSE
	EndGlobalSection
EndGlobal
